
Microsoft Visual Studio Solution File, Format Version 12.00
# Visual Studio 15
VisualStudioVersion = 15.0.26621.2
MinimumVisualStudioVersion = 10.0.40219.1
Project("{8BC9CEB8-8B4A-11D0-8D11-00A0C91BC942}") = "SDRSpectrumAnalyzerOpenGL", "SDRSpectrumAnalyzerOpenGL\SDRSpectrumAnalyzerOpenGL.vcxproj", "{5A2855B4-87CC-49E8-87A5-4321A79FD952}"
EndProject
Project("{8BC9CEB8-8B4A-11D0-8D11-00A0C91BC942}") = "rtlsdr_lib", "..\rtlsdr_lib\rtlsdr.vcxproj", "{41C3010C-1A21-4B53-B36E-5E1B28D59250}"
EndProject
Global
	GlobalSection(SolutionConfigurationPlatforms) = preSolution
		Debug|x64 = Debug|x64
		Debug|x86 = Debug|x86
		Release|x64 = Release|x64
		Release|x86 = Release|x86
	EndGlobalSection
	GlobalSection(ProjectConfigurationPlatforms) = postSolution
		{5A2855B4-87CC-49E8-87A5-4321A79FD952}.Debug|x64.ActiveCfg = Debug|x64
		{5A2855B4-87CC-49E8-87A5-4321A79FD952}.Debug|x64.Build.0 = Debug|x64
		{5A2855B4-87CC-49E8-87A5-4321A79FD952}.Debug|x86.ActiveCfg = Debug|Win32
		{5A2855B4-87CC-49E8-87A5-4321A79FD952}.Debug|x86.Build.0 = Debug|Win32
		{5A2855B4-87CC-49E8-87A5-4321A79FD952}.Release|x64.ActiveCfg = Release|x64
		{5A2855B4-87CC-49E8-87A5-4321A79FD952}.Release|x64.Build.0 = Release|x64
		{5A2855B4-87CC-49E8-87A5-4321A79FD952}.Release|x86.ActiveCfg = Release|Win32
		{5A2855B4-87CC-49E8-87A5-4321A79FD952}.Release|x86.Build.0 = Release|Win32
		{41C3010C-1A21-4B53-B36E-5E1B28D59250}.Debug|x64.ActiveCfg = Debug|x64
		{41C3010C-1A21-4B53-B36E-5E1B28D59250}.Debug|x64.Build.0 = Debug|x64
		{41C3010C-1A21-4B53-B36E-5E1B28D59250}.Debug|x86.ActiveCfg = Debug|Win32
		{41C3010C-1A21-4B53-B36E-5E1B28D59250}.Debug|x86.Build.0 = Debug|Win32
		{41C3010C-1A21-4B53-B36E-5E1B28D59250}.Release|x64.ActiveCfg = Release|x64
		{41C3010C-1A21-4B53-B36E-5E1B28D59250}.Release|x64.Build.0 = Release|x64
		{41C3010C-1A21-4B53-B36E-5E1B28D59250}.Release|x86.ActiveCfg = Release|Win32
		{41C3010C-1A21-4B53-B36E-5E1B28D59250}.Release|x86.Build.0 = Release|Win32
	EndGlobalSection
	GlobalSection(SolutionProperties) = preSolution
		HideSolutionNode = FALSE
	EndGlobalSection
	GlobalSection(ExtensibilityGlobals) = postSolution
		SolutionGuid = {50360BDD-5407-4795-97CA-59A853E9182A}
	EndGlobalSection
EndGlobal
